{
	"name": "ece-npm-sample",
	"version": "1.0.0",
	"lockfileVersion": 2,
	"requires": true,
	"packages": {
		"": {
			"name": "ece-npm-sample",
			"version": "1.0.0",
			"license": "ISC",
			"dependencies": {
				"braces": "1.8.5",
				"serialize-javascript": "1.6.0",
				"uglify-js": "1.3.2",
				"yargs-parser": "8.1.0"
			}
		},
		"node_modules/braces": {
			"version": "1.8.5",
			"resolved": "https://registry.npmjs.org/braces/-/braces-1.8.5.tgz",
			"integrity": "sha1-uneWLhLf+WnWt2cR6RS3N4V79qc=",
			"dependencies": {
				"expand-range": "^1.8.1",
				"preserve": "^0.2.0",
				"repeat-element": "^1.1.2"
			},
			"engines": {
				"node": ">=0.10.0"
			}
		},
		"node_modules/camelcase": {
			"version": "4.1.0",
			"resolved": "https://registry.npmjs.org/camelcase/-/camelcase-4.1.0.tgz",
			"integrity": "sha1-1UVjW+HjPFQmScaRc+Xeas+uNN0=",
			"engines": {
				"node": ">=4"
			}
		},
		"node_modules/expand-range": {
			"version": "1.8.2",
			"resolved": "https://registry.npmjs.org/expand-range/-/expand-range-1.8.2.tgz",
			"integrity": "sha1-opnv/TNf4nIeuujiV+x5ZE/IUzc=",
			"dependencies": {
				"fill-range": "^2.1.0"
			},
			"engines": {
				"node": ">=0.10.0"
			}
		},
		"node_modules/fill-range": {
			"version": "2.2.4",
			"resolved": "https://registry.npmjs.org/fill-range/-/fill-range-2.2.4.tgz",
			"integrity": "sha512-cnrcCbj01+j2gTG921VZPnHbjmdAf8oQV/iGeV2kZxGSyfYjjTyY79ErsK1WJWMpw6DaApEX72binqJE+/d+5Q==",
			"dependencies": {
				"is-number": "^2.1.0",
				"isobject": "^2.0.0",
				"randomatic": "^3.0.0",
				"repeat-element": "^1.1.2",
				"repeat-string": "^1.5.2"
			},
			"engines": {
				"node": ">=0.10.0"
			}
		},
		"node_modules/is-buffer": {
			"version": "1.1.6",
			"resolved": "https://registry.npmjs.org/is-buffer/-/is-buffer-1.1.6.tgz",
			"integrity": "sha512-NcdALwpXkTm5Zvvbk7owOUSvVvBKDgKP5/ewfXEznmQFfs4ZRmanOeKBTjRVjka3QFoN6XJ+9F3USqfHqTaU5w=="
		},
		"node_modules/is-number": {
			"version": "2.1.0",
			"resolved": "https://registry.npmjs.org/is-number/-/is-number-2.1.0.tgz",
			"integrity": "sha1-Afy7s5NGOlSPL0ZszhbezknbkI8=",
			"dependencies": {
				"kind-of": "^3.0.2"
			},
			"engines": {
				"node": ">=0.10.0"
			}
		},
		"node_modules/isarray": {
			"version": "1.0.0",
			"resolved": "https://registry.npmjs.org/isarray/-/isarray-1.0.0.tgz",
			"integrity": "sha1-u5NdSFgsuhaMBoNJV6VKPgcSTxE="
		},
		"node_modules/isobject": {
			"version": "2.1.0",
			"resolved": "https://registry.npmjs.org/isobject/-/isobject-2.1.0.tgz",
			"integrity": "sha1-8GVWEJaj8dou9GJy+BXIQNh+DIk=",
			"dependencies": {
				"isarray": "1.0.0"
			},
			"engines": {
				"node": ">=0.10.0"
			}
		},
		"node_modules/kind-of": {
			"version": "3.2.2",
			"resolved": "https://registry.npmjs.org/kind-of/-/kind-of-3.2.2.tgz",
			"integrity": "sha1-MeohpzS6ubuw8yRm2JOupR5KPGQ=",
			"dependencies": {
				"is-buffer": "^1.1.5"
			},
			"engines": {
				"node": ">=0.10.0"
			}
		},
		"node_modules/math-random": {
			"version": "1.0.4",
			"resolved": "https://registry.npmjs.org/math-random/-/math-random-1.0.4.tgz",
			"integrity": "sha512-rUxjysqif/BZQH2yhd5Aaq7vXMSx9NdEsQcyA07uEzIvxgI7zIr33gGsh+RU0/XjmQpCW7RsVof1vlkvQVCK5A=="
		},
		"node_modules/preserve": {
			"version": "0.2.0",
			"resolved": "https://registry.npmjs.org/preserve/-/preserve-0.2.0.tgz",
			"integrity": "sha1-gV7R9uvGWSb4ZbMQwHE7yzMVzks=",
			"engines": {
				"node": ">=0.10.0"
			}
		},
		"node_modules/randomatic": {
			"version": "3.1.1",
			"resolved": "https://registry.npmjs.org/randomatic/-/randomatic-3.1.1.tgz",
			"integrity": "sha512-TuDE5KxZ0J461RVjrJZCJc+J+zCkTb1MbH9AQUq68sMhOMcy9jLcb3BrZKgp9q9Ncltdg4QVqWrH02W2EFFVYw==",
			"dependencies": {
				"is-number": "^4.0.0",
				"kind-of": "^6.0.0",
				"math-random": "^1.0.1"
			},
			"engines": {
				"node": ">= 0.10.0"
			}
		},
		"node_modules/randomatic/node_modules/is-number": {
			"version": "4.0.0",
			"resolved": "https://registry.npmjs.org/is-number/-/is-number-4.0.0.tgz",
			"integrity": "sha512-rSklcAIlf1OmFdyAqbnWTLVelsQ58uvZ66S/ZyawjWqIviTWCjg2PzVGw8WUA+nNuPTqb4wgA+NszrJ+08LlgQ==",
			"engines": {
				"node": ">=0.10.0"
			}
		},
		"node_modules/randomatic/node_modules/kind-of": {
			"version": "6.0.3",
			"resolved": "https://registry.npmjs.org/kind-of/-/kind-of-6.0.3.tgz",
			"integrity": "sha512-dcS1ul+9tmeD95T+x28/ehLgd9mENa3LsvDTtzm3vyBEO7RPptvAD+t44WVXaUjTBRcrpFeFlC8WCruUR456hw==",
			"engines": {
				"node": ">=0.10.0"
			}
		},
		"node_modules/repeat-element": {
			"version": "1.1.4",
			"resolved": "https://registry.npmjs.org/repeat-element/-/repeat-element-1.1.4.tgz",
			"integrity": "sha512-LFiNfRcSu7KK3evMyYOuCzv3L10TW7yC1G2/+StMjK8Y6Vqd2MG7r/Qjw4ghtuCOjFvlnms/iMmLqpvW/ES/WQ==",
			"engines": {
				"node": ">=0.10.0"
			}
		},
		"node_modules/repeat-string": {
			"version": "1.6.1",
			"resolved": "https://registry.npmjs.org/repeat-string/-/repeat-string-1.6.1.tgz",
			"integrity": "sha1-jcrkcOHIirwtYA//Sndihtp15jc=",
			"engines": {
				"node": ">=0.10"
			}
		},
		"node_modules/serialize-javascript": {
			"version": "1.6.0",
			"resolved": "https://registry.npmjs.org/serialize-javascript/-/serialize-javascript-1.6.0.tgz",
			"integrity": "sha512-AQxrNqu4EXWt03dJdgKXI+Au9+pvEuM5+Nk5g6+TmuxMCkEL03VhZ31HM+VKeaaZbFpDHaoSruiHq4PW9AIrOQ=="
		},
		"node_modules/uglify-js": {
			"version": "1.3.2",
			"resolved": "https://registry.npmjs.org/uglify-js/-/uglify-js-1.3.2.tgz",
			"integrity": "sha1-ftEcne33fyljIobqTclqIimu+Y4=",
			"bin": {
				"uglifyjs": "bin/uglifyjs"
			},
			"engines": {
				"node": "*"
			}
		},
		"node_modules/yargs-parser": {
			"version": "8.1.0",
			"resolved": "https://registry.npmjs.org/yargs-parser/-/yargs-parser-8.1.0.tgz",
			"integrity": "sha512-yP+6QqN8BmrgW2ggLtTbdrOyBNSI7zBa4IykmiV5R1wl1JWNxQvWhMfMdmzIYtKU7oP3OOInY/tl2ov3BDjnJQ==",
			"dependencies": {
				"camelcase": "^4.1.0"
			}
		}
	},
	"dependencies": {
		"braces": {
			"version": "1.8.5",
			"resolved": "https://registry.npmjs.org/braces/-/braces-1.8.5.tgz",
			"integrity": "sha1-uneWLhLf+WnWt2cR6RS3N4V79qc=",
			"requires": {
				"expand-range": "^1.8.1",
				"preserve": "^0.2.0",
				"repeat-element": "^1.1.2"
			}
		},
		"camelcase": {
			"version": "4.1.0",
			"resolved": "https://registry.npmjs.org/camelcase/-/camelcase-4.1.0.tgz",
			"integrity": "sha1-1UVjW+HjPFQmScaRc+Xeas+uNN0="
		},
		"expand-range": {
			"version": "1.8.2",
			"resolved": "https://registry.npmjs.org/expand-range/-/expand-range-1.8.2.tgz",
			"integrity": "sha1-opnv/TNf4nIeuujiV+x5ZE/IUzc=",
			"requires": {
				"fill-range": "^2.1.0"
			}
		},
		"fill-range": {
			"version": "2.2.4",
			"resolved": "https://registry.npmjs.org/fill-range/-/fill-range-2.2.4.tgz",
			"integrity": "sha512-cnrcCbj01+j2gTG921VZPnHbjmdAf8oQV/iGeV2kZxGSyfYjjTyY79ErsK1WJWMpw6DaApEX72binqJE+/d+5Q==",
			"requires": {
				"is-number": "^2.1.0",
				"isobject": "^2.0.0",
				"randomatic": "^3.0.0",
				"repeat-element": "^1.1.2",
				"repeat-string": "^1.5.2"
			}
		},
		"is-buffer": {
			"version": "1.1.6",
			"resolved": "https://registry.npmjs.org/is-buffer/-/is-buffer-1.1.6.tgz",
			"integrity": "sha512-NcdALwpXkTm5Zvvbk7owOUSvVvBKDgKP5/ewfXEznmQFfs4ZRmanOeKBTjRVjka3QFoN6XJ+9F3USqfHqTaU5w=="
		},
		"is-number": {
			"version": "2.1.0",
			"resolved": "https://registry.npmjs.org/is-number/-/is-number-2.1.0.tgz",
			"integrity": "sha1-Afy7s5NGOlSPL0ZszhbezknbkI8=",
			"requires": {
				"kind-of": "^3.0.2"
			}
		},
		"isarray": {
			"version": "1.0.0",
			"resolved": "https://registry.npmjs.org/isarray/-/isarray-1.0.0.tgz",
			"integrity": "sha1-u5NdSFgsuhaMBoNJV6VKPgcSTxE="
		},
		"isobject": {
			"version": "2.1.0",
			"resolved": "https://registry.npmjs.org/isobject/-/isobject-2.1.0.tgz",
			"integrity": "sha1-8GVWEJaj8dou9GJy+BXIQNh+DIk=",
			"requires": {
				"isarray": "1.0.0"
			}
		},
		"kind-of": {
			"version": "3.2.2",
			"resolved": "https://registry.npmjs.org/kind-of/-/kind-of-3.2.2.tgz",
			"integrity": "sha1-MeohpzS6ubuw8yRm2JOupR5KPGQ=",
			"requires": {
				"is-buffer": "^1.1.5"
			}
		},
		"math-random": {
			"version": "1.0.4",
			"resolved": "https://registry.npmjs.org/math-random/-/math-random-1.0.4.tgz",
			"integrity": "sha512-rUxjysqif/BZQH2yhd5Aaq7vXMSx9NdEsQcyA07uEzIvxgI7zIr33gGsh+RU0/XjmQpCW7RsVof1vlkvQVCK5A=="
		},
		"preserve": {
			"version": "0.2.0",
			"resolved": "https://registry.npmjs.org/preserve/-/preserve-0.2.0.tgz",
			"integrity": "sha1-gV7R9uvGWSb4ZbMQwHE7yzMVzks="
		},
		"randomatic": {
			"version": "3.1.1",
			"resolved": "https://registry.npmjs.org/randomatic/-/randomatic-3.1.1.tgz",
			"integrity": "sha512-TuDE5KxZ0J461RVjrJZCJc+J+zCkTb1MbH9AQUq68sMhOMcy9jLcb3BrZKgp9q9Ncltdg4QVqWrH02W2EFFVYw==",
			"requires": {
				"is-number": "^4.0.0",
				"kind-of": "^6.0.0",
				"math-random": "^1.0.1"
			},
			"dependencies": {
				"is-number": {
					"version": "4.0.0",
					"resolved": "https://registry.npmjs.org/is-number/-/is-number-4.0.0.tgz",
					"integrity": "sha512-rSklcAIlf1OmFdyAqbnWTLVelsQ58uvZ66S/ZyawjWqIviTWCjg2PzVGw8WUA+nNuPTqb4wgA+NszrJ+08LlgQ=="
				},
				"kind-of": {
					"version": "6.0.3",
					"resolved": "https://registry.npmjs.org/kind-of/-/kind-of-6.0.3.tgz",
					"integrity": "sha512-dcS1ul+9tmeD95T+x28/ehLgd9mENa3LsvDTtzm3vyBEO7RPptvAD+t44WVXaUjTBRcrpFeFlC8WCruUR456hw=="
				}
			}
		},
		"repeat-element": {
			"version": "1.1.4",
			"resolved": "https://registry.npmjs.org/repeat-element/-/repeat-element-1.1.4.tgz",
			"integrity": "sha512-LFiNfRcSu7KK3evMyYOuCzv3L10TW7yC1G2/+StMjK8Y6Vqd2MG7r/Qjw4ghtuCOjFvlnms/iMmLqpvW/ES/WQ=="
		},
		"repeat-string": {
			"version": "1.6.1",
			"resolved": "https://registry.npmjs.org/repeat-string/-/repeat-string-1.6.1.tgz",
			"integrity": "sha1-jcrkcOHIirwtYA//Sndihtp15jc="
		},
		"serialize-javascript": {
			"version": "1.6.0",
			"resolved": "https://registry.npmjs.org/serialize-javascript/-/serialize-javascript-1.6.0.tgz",
			"integrity": "sha512-AQxrNqu4EXWt03dJdgKXI+Au9+pvEuM5+Nk5g6+TmuxMCkEL03VhZ31HM+VKeaaZbFpDHaoSruiHq4PW9AIrOQ=="
		},
		"uglify-js": {
			"version": "1.3.2",
			"resolved": "https://registry.npmjs.org/uglify-js/-/uglify-js-1.3.2.tgz",
			"integrity": "sha1-ftEcne33fyljIobqTclqIimu+Y4="
		},
		"yargs-parser": {
			"version": "8.1.0",
			"resolved": "https://registry.npmjs.org/yargs-parser/-/yargs-parser-8.1.0.tgz",
			"integrity": "sha512-yP+6QqN8BmrgW2ggLtTbdrOyBNSI7zBa4IykmiV5R1wl1JWNxQvWhMfMdmzIYtKU7oP3OOInY/tl2ov3BDjnJQ==",
			"requires": {
				"camelcase": "^4.1.0"
			}
		}
	}
}
